// !$*UTF8*$!
{
	archiveVersion = 1;
	classes = {
	};
	objectVersion = 46;
	objects = {

/* Begin PBXBuildFile section */
		4F387A3B1A4964CF0097212D /* osx_handmade.cpp in Sources */ = {isa = PBXBuildFile; fileRef = 4F387A3A1A4964CF0097212D /* osx_handmade.cpp */; };
		4F99B1941A49537100A1DCB8 /* AppDelegate.m in Sources */ = {isa = PBXBuildFile; fileRef = 4F99B18E1A49537100A1DCB8 /* AppDelegate.m */; };
		4F99B1951A49537100A1DCB8 /* HandmadeView.mm in Sources */ = {isa = PBXBuildFile; fileRef = 4F99B1901A49537100A1DCB8 /* HandmadeView.mm */; };
		4F99B1961A49537100A1DCB8 /* Images.xcassets in Resources */ = {isa = PBXBuildFile; fileRef = 4F99B1911A49537100A1DCB8 /* Images.xcassets */; };
		4F99B19F1A4953D800A1DCB8 /* handmade.entitlements in Resources */ = {isa = PBXBuildFile; fileRef = 4F99B19B1A4953D800A1DCB8 /* handmade.entitlements */; };
		4F99B1A11A4953D800A1DCB8 /* Info.plist in Resources */ = {isa = PBXBuildFile; fileRef = 4F99B19D1A4953D800A1DCB8 /* Info.plist */; };
		4F99B1A21A4953D800A1DCB8 /* main.m in Sources */ = {isa = PBXBuildFile; fileRef = 4F99B19E1A4953D800A1DCB8 /* main.m */; };
		4F99B1B21A4956A100A1DCB8 /* MainMenu.xib in Resources */ = {isa = PBXBuildFile; fileRef = 4F99B1AE1A49560600A1DCB8 /* MainMenu.xib */; };
		4FAC0B541A5F64E000D3C1EB /* test in Resources */ = {isa = PBXBuildFile; fileRef = 4FAC0B531A5F64E000D3C1EB /* test */; };
		4FBC23511A35B5CE00C661D2 /* AudioUnit.framework in Frameworks */ = {isa = PBXBuildFile; fileRef = 4FBC23501A35B5CE00C661D2 /* AudioUnit.framework */; };
		4FBC23531A35B64700C661D2 /* CoreVideo.framework in Frameworks */ = {isa = PBXBuildFile; fileRef = 4FBC23521A35B64700C661D2 /* CoreVideo.framework */; };
		4FBEB1B11A1FF3140001436D /* OpenGL.framework in Frameworks */ = {isa = PBXBuildFile; fileRef = 4FBEB1AF1A1FF3140001436D /* OpenGL.framework */; };
		4FBEB1B21A1FF3140001436D /* QuartzCore.framework in Frameworks */ = {isa = PBXBuildFile; fileRef = 4FBEB1B01A1FF3140001436D /* QuartzCore.framework */; };
/* End PBXBuildFile section */

/* Begin PBXContainerItemProxy section */
		4F387A291A4958150097212D /* PBXContainerItemProxy */ = {
			isa = PBXContainerItemProxy;
			containerPortal = 4F387A251A4958140097212D /* handmade.xcodeproj */;
			proxyType = 2;
			remoteGlobalIDString = 4F387A1E1A4958140097212D;
			remoteInfo = handmade;
		};
		4F387A351A495C040097212D /* PBXContainerItemProxy */ = {
			isa = PBXContainerItemProxy;
			containerPortal = 4F387A251A4958140097212D /* handmade.xcodeproj */;
			proxyType = 1;
			remoteGlobalIDString = 4F387A1D1A4958140097212D;
			remoteInfo = handmade;
		};
/* End PBXContainerItemProxy section */

/* Begin PBXCopyFilesBuildPhase section */
		4F387A371A495CA10097212D /* CopyFiles */ = {
			isa = PBXCopyFilesBuildPhase;
			buildActionMask = 2147483647;
			dstPath = "";
			dstSubfolderSpec = 16;
			files = (
			);
			runOnlyForDeploymentPostprocessing = 0;
		};
/* End PBXCopyFilesBuildPhase section */

/* Begin PBXFileReference section */
		4F387A251A4958140097212D /* handmade.xcodeproj */ = {isa = PBXFileReference; lastKnownFileType = "wrapper.pb-project"; name = handmade.xcodeproj; path = handmade/handmade.xcodeproj; sourceTree = "<group>"; };
		4F387A3A1A4964CF0097212D /* osx_handmade.cpp */ = {isa = PBXFileReference; fileEncoding = 4; lastKnownFileType = sourcecode.cpp.cpp; path = osx_handmade.cpp; sourceTree = "<group>"; };
		4F99B18D1A49537100A1DCB8 /* AppDelegate.h */ = {isa = PBXFileReference; fileEncoding = 4; lastKnownFileType = sourcecode.c.h; name = AppDelegate.h; path = "Handmade Hero/AppDelegate.h"; sourceTree = SOURCE_ROOT; };
		4F99B18E1A49537100A1DCB8 /* AppDelegate.m */ = {isa = PBXFileReference; fileEncoding = 4; lastKnownFileType = sourcecode.c.objc; name = AppDelegate.m; path = "Handmade Hero/AppDelegate.m"; sourceTree = SOURCE_ROOT; };
		4F99B18F1A49537100A1DCB8 /* HandmadeView.h */ = {isa = PBXFileReference; fileEncoding = 4; lastKnownFileType = sourcecode.c.h; name = HandmadeView.h; path = "Handmade Hero/HandmadeView.h"; sourceTree = SOURCE_ROOT; };
		4F99B1901A49537100A1DCB8 /* HandmadeView.mm */ = {isa = PBXFileReference; fileEncoding = 4; lastKnownFileType = sourcecode.cpp.objcpp; name = HandmadeView.mm; path = "Handmade Hero/HandmadeView.mm"; sourceTree = SOURCE_ROOT; };
		4F99B1911A49537100A1DCB8 /* Images.xcassets */ = {isa = PBXFileReference; lastKnownFileType = folder.assetcatalog; name = Images.xcassets; path = "Handmade Hero/Images.xcassets"; sourceTree = SOURCE_ROOT; };
		4F99B1931A49537100A1DCB8 /* osx_handmade.h */ = {isa = PBXFileReference; fileEncoding = 4; lastKnownFileType = sourcecode.c.h; name = osx_handmade.h; path = "Handmade Hero/osx_handmade.h"; sourceTree = SOURCE_ROOT; };
		4F99B19B1A4953D800A1DCB8 /* handmade.entitlements */ = {isa = PBXFileReference; fileEncoding = 4; lastKnownFileType = text.xml; name = handmade.entitlements; path = "Handmade Hero/handmade.entitlements"; sourceTree = SOURCE_ROOT; };
		4F99B19D1A4953D800A1DCB8 /* Info.plist */ = {isa = PBXFileReference; fileEncoding = 4; lastKnownFileType = text.plist.xml; name = Info.plist; path = "Handmade Hero/Info.plist"; sourceTree = SOURCE_ROOT; };
		4F99B19E1A4953D800A1DCB8 /* main.m */ = {isa = PBXFileReference; fileEncoding = 4; lastKnownFileType = sourcecode.c.objc; name = main.m; path = "Handmade Hero/main.m"; sourceTree = SOURCE_ROOT; };
		4F99B1AF1A49560600A1DCB8 /* Base */ = {isa = PBXFileReference; lastKnownFileType = file.xib; name = Base; path = "Handmade Hero/Base.lproj/MainMenu.xib"; sourceTree = SOURCE_ROOT; };
		4FAC0B531A5F64E000D3C1EB /* test */ = {isa = PBXFileReference; lastKnownFileType = folder; path = test; sourceTree = SOURCE_ROOT; };
		4FBC23501A35B5CE00C661D2 /* AudioUnit.framework */ = {isa = PBXFileReference; lastKnownFileType = wrapper.framework; name = AudioUnit.framework; path = System/Library/Frameworks/AudioUnit.framework; sourceTree = SDKROOT; };
		4FBC23521A35B64700C661D2 /* CoreVideo.framework */ = {isa = PBXFileReference; lastKnownFileType = wrapper.framework; name = CoreVideo.framework; path = System/Library/Frameworks/CoreVideo.framework; sourceTree = SDKROOT; };
		4FBEB1891A1FEF0F0001436D /* Handmade Hero.app */ = {isa = PBXFileReference; explicitFileType = wrapper.application; includeInIndex = 0; path = "Handmade Hero.app"; sourceTree = BUILT_PRODUCTS_DIR; };
		4FBEB1AF1A1FF3140001436D /* OpenGL.framework */ = {isa = PBXFileReference; lastKnownFileType = wrapper.framework; name = OpenGL.framework; path = System/Library/Frameworks/OpenGL.framework; sourceTree = SDKROOT; };
		4FBEB1B01A1FF3140001436D /* QuartzCore.framework */ = {isa = PBXFileReference; lastKnownFileType = wrapper.framework; name = QuartzCore.framework; path = System/Library/Frameworks/QuartzCore.framework; sourceTree = SDKROOT; };
/* End PBXFileReference section */

/* Begin PBXFrameworksBuildPhase section */
		4FBEB1861A1FEF0F0001436D /* Frameworks */ = {
			isa = PBXFrameworksBuildPhase;
			buildActionMask = 2147483647;
			files = (
				4FBC23531A35B64700C661D2 /* CoreVideo.framework in Frameworks */,
				4FBC23511A35B5CE00C661D2 /* AudioUnit.framework in Frameworks */,
				4FBEB1B11A1FF3140001436D /* OpenGL.framework in Frameworks */,
				4FBEB1B21A1FF3140001436D /* QuartzCore.framework in Frameworks */,
			);
			runOnlyForDeploymentPostprocessing = 0;
		};
/* End PBXFrameworksBuildPhase section */

/* Begin PBXGroup section */
		4F387A261A4958140097212D /* Products */ = {
			isa = PBXGroup;
			children = (
				4F387A2A1A4958150097212D /* libhandmade.dylib */,
			);
			name = Products;
			sourceTree = "<group>";
		};
		4FBEB1801A1FEF0F0001436D = {
			isa = PBXGroup;
			children = (
				4F387A251A4958140097212D /* handmade.xcodeproj */,
				4FBEB18B1A1FEF0F0001436D /* Handmade Hero */,
				4FBEB18A1A1FEF0F0001436D /* Products */,
			);
			sourceTree = "<group>";
		};
		4FBEB18A1A1FEF0F0001436D /* Products */ = {
			isa = PBXGroup;
			children = (
				4FBEB1891A1FEF0F0001436D /* Handmade Hero.app */,
			);
			name = Products;
			sourceTree = "<group>";
		};
		4FBEB18B1A1FEF0F0001436D /* Handmade Hero */ = {
			isa = PBXGroup;
			children = (
				4FAC0B531A5F64E000D3C1EB /* test */,
				4F99B1931A49537100A1DCB8 /* osx_handmade.h */,
				4F387A3A1A4964CF0097212D /* osx_handmade.cpp */,
				4F99B18D1A49537100A1DCB8 /* AppDelegate.h */,
				4F99B18E1A49537100A1DCB8 /* AppDelegate.m */,
				4F99B18F1A49537100A1DCB8 /* HandmadeView.h */,
				4F99B1901A49537100A1DCB8 /* HandmadeView.mm */,
				4F99B1911A49537100A1DCB8 /* Images.xcassets */,
				4F99B19B1A4953D800A1DCB8 /* handmade.entitlements */,
				4F99B1AE1A49560600A1DCB8 /* MainMenu.xib */,
				4FBEB18C1A1FEF100001436D /* Supporting Files */,
				4FBC23521A35B64700C661D2 /* CoreVideo.framework */,
				4FBC23501A35B5CE00C661D2 /* AudioUnit.framework */,
				4FBEB1B01A1FF3140001436D /* QuartzCore.framework */,
				4FBEB1AF1A1FF3140001436D /* OpenGL.framework */,
			);
			path = "Handmade Hero";
			sourceTree = SOURCE_ROOT;
		};
		4FBEB18C1A1FEF100001436D /* Supporting Files */ = {
			isa = PBXGroup;
			children = (
				4F99B19D1A4953D800A1DCB8 /* Info.plist */,
				4F99B19E1A4953D800A1DCB8 /* main.m */,
			);
			name = "Supporting Files";
			sourceTree = "<group>";
		};
/* End PBXGroup section */

/* Begin PBXNativeTarget section */
		4FBEB1881A1FEF0F0001436D /* Handmade Hero */ = {
			isa = PBXNativeTarget;
			buildConfigurationList = 4FBEB1A61A1FEF100001436D /* Build configuration list for PBXNativeTarget "Handmade Hero" */;
			buildPhases = (
				4FBEB1851A1FEF0F0001436D /* Sources */,
				4FBEB1861A1FEF0F0001436D /* Frameworks */,
				4FBEB1871A1FEF0F0001436D /* Resources */,
				4F387A371A495CA10097212D /* CopyFiles */,
			);
			buildRules = (
			);
			dependencies = (
				4F387A361A495C040097212D /* PBXTargetDependency */,
			);
			name = "Handmade Hero";
			productName = handmade;
			productReference = 4FBEB1891A1FEF0F0001436D /* Handmade Hero.app */;
			productType = "com.apple.product-type.application";
		};
/* End PBXNativeTarget section */

/* Begin PBXProject section */
		4FBEB1811A1FEF0F0001436D /* Project object */ = {
			isa = PBXProject;
			attributes = {
				LastUpgradeCheck = 0610;
				ORGANIZATIONNAME = "Jeff Buck";
				TargetAttributes = {
					4FBEB1881A1FEF0F0001436D = {
						CreatedOnToolsVersion = 6.1;
						SystemCapabilities = {
							com.apple.Sandbox = {
								enabled = 0;
							};
						};
					};
				};
			};
			buildConfigurationList = 4FBEB1841A1FEF0F0001436D /* Build configuration list for PBXProject "Handmade Hero" */;
			compatibilityVersion = "Xcode 3.2";
			developmentRegion = English;
			hasScannedForEncodings = 0;
			knownRegions = (
				en,
				Base,
			);
			mainGroup = 4FBEB1801A1FEF0F0001436D;
			productRefGroup = 4FBEB18A1A1FEF0F0001436D /* Products */;
			projectDirPath = "";
			projectReferences = (
				{
					ProductGroup = 4F387A261A4958140097212D /* Products */;
					ProjectRef = 4F387A251A4958140097212D /* handmade.xcodeproj */;
				},
			);
			projectRoot = "";
			targets = (
				4FBEB1881A1FEF0F0001436D /* Handmade Hero */,
			);
		};
/* End PBXProject section */

/* Begin PBXReferenceProxy section */
		4F387A2A1A4958150097212D /* libhandmade.dylib */ = {
			isa = PBXReferenceProxy;
			fileType = "compiled.mach-o.dylib";
			path = libhandmade.dylib;
			remoteRef = 4F387A291A4958150097212D /* PBXContainerItemProxy */;
			sourceTree = BUILT_PRODUCTS_DIR;
		};
/* End PBXReferenceProxy section */

/* Begin PBXResourcesBuildPhase section */
		4FBEB1871A1FEF0F0001436D /* Resources */ = {
			isa = PBXResourcesBuildPhase;
			buildActionMask = 2147483647;
			files = (
				4F99B1B21A4956A100A1DCB8 /* MainMenu.xib in Resources */,
				4FAC0B541A5F64E000D3C1EB /* test in Resources */,
				4F99B1961A49537100A1DCB8 /* Images.xcassets in Resources */,
				4F99B1A11A4953D800A1DCB8 /* Info.plist in Resources */,
				4F99B19F1A4953D800A1DCB8 /* handmade.entitlements in Resources */,
			);
			runOnlyForDeploymentPostprocessing = 0;
		};
/* End PBXResourcesBuildPhase section */

/* Begin PBXSourcesBuildPhase section */
		4FBEB1851A1FEF0F0001436D /* Sources */ = {
			isa = PBXSourcesBuildPhase;
			buildActionMask = 2147483647;
			files = (
				4F387A3B1A4964CF0097212D /* osx_handmade.cpp in Sources */,
				4F99B1941A49537100A1DCB8 /* AppDelegate.m in Sources */,
				4F99B1951A49537100A1DCB8 /* HandmadeView.mm in Sources */,
				4F99B1A21A4953D800A1DCB8 /* main.m in Sources */,
			);
			runOnlyForDeploymentPostprocessing = 0;
		};
/* End PBXSourcesBuildPhase section */

/* Begin PBXTargetDependency section */
		4F387A361A495C040097212D /* PBXTargetDependency */ = {
			isa = PBXTargetDependency;
			name = handmade;
			targetProxy = 4F387A351A495C040097212D /* PBXContainerItemProxy */;
		};
/* End PBXTargetDependency section */

/* Begin PBXVariantGroup section */
		4F99B1AE1A49560600A1DCB8 /* MainMenu.xib */ = {
			isa = PBXVariantGroup;
			children = (
				4F99B1AF1A49560600A1DCB8 /* Base */,
			);
			name = MainMenu.xib;
			sourceTree = "<group>";
		};
/* End PBXVariantGroup section */

/* Begin XCBuildConfiguration section */
		4FBEB1A41A1FEF100001436D /* Debug */ = {
			isa = XCBuildConfiguration;
			buildSettings = {
				ALWAYS_SEARCH_USER_PATHS = NO;
				CLANG_CXX_LANGUAGE_STANDARD = "gnu++0x";
				CLANG_CXX_LIBRARY = "libc++";
				CLANG_ENABLE_MODULES = YES;
				CLANG_ENABLE_OBJC_ARC = YES;
				CLANG_WARN_BOOL_CONVERSION = YES;
				CLANG_WARN_CONSTANT_CONVERSION = YES;
				CLANG_WARN_DIRECT_OBJC_ISA_USAGE = YES_ERROR;
				CLANG_WARN_EMPTY_BODY = YES;
				CLANG_WARN_ENUM_CONVERSION = YES;
				CLANG_WARN_INT_CONVERSION = YES;
				CLANG_WARN_OBJC_ROOT_CLASS = YES_ERROR;
				CLANG_WARN_UNREACHABLE_CODE = YES;
				CLANG_WARN__DUPLICATE_METHOD_MATCH = YES;
				CODE_SIGN_IDENTITY = "-";
				COPY_PHASE_STRIP = NO;
				ENABLE_STRICT_OBJC_MSGSEND = YES;
				GCC_C_LANGUAGE_STANDARD = gnu99;
				GCC_DYNAMIC_NO_PIC = NO;
				GCC_OPTIMIZATION_LEVEL = 0;
				GCC_PREPROCESSOR_DEFINITIONS = (
					"DEBUG=1",
					"$(inherited)",
				);
				GCC_SYMBOLS_PRIVATE_EXTERN = NO;
				GCC_WARN_64_TO_32_BIT_CONVERSION = YES;
				GCC_WARN_ABOUT_RETURN_TYPE = YES_ERROR;
				GCC_WARN_UNDECLARED_SELECTOR = YES;
				GCC_WARN_UNINITIALIZED_AUTOS = YES_AGGRESSIVE;
				GCC_WARN_UNUSED_FUNCTION = YES;
				GCC_WARN_UNUSED_VARIABLE = YES;
				MACOSX_DEPLOYMENT_TARGET = 10.10;
				MTL_ENABLE_DEBUG_INFO = YES;
				ONLY_ACTIVE_ARCH = YES;
				SDKROOT = macosx;
			};
			name = Debug;
		};
		4FBEB1A51A1FEF100001436D /* Release */ = {
			isa = XCBuildConfiguration;
			buildSettings = {
				ALWAYS_SEARCH_USER_PATHS = NO;
				CLANG_CXX_LANGUAGE_STANDARD = "gnu++0x";
				CLANG_CXX_LIBRARY = "libc++";
				CLANG_ENABLE_MODULES = YES;
				CLANG_ENABLE_OBJC_ARC = YES;
				CLANG_WARN_BOOL_CONVERSION = YES;
				CLANG_WARN_CONSTANT_CONVERSION = YES;
				CLANG_WARN_DIRECT_OBJC_ISA_USAGE = YES_ERROR;
				CLANG_WARN_EMPTY_BODY = YES;
				CLANG_WARN_ENUM_CONVERSION = YES;
				CLANG_WARN_INT_CONVERSION = YES;
				CLANG_WARN_OBJC_ROOT_CLASS = YES_ERROR;
				CLANG_WARN_UNREACHABLE_CODE = YES;
				CLANG_WARN__DUPLICATE_METHOD_MATCH = YES;
				CODE_SIGN_IDENTITY = "-";
				COPY_PHASE_STRIP = YES;
				DEBUG_INFORMATION_FORMAT = "dwarf-with-dsym";
				ENABLE_NS_ASSERTIONS = NO;
				ENABLE_STRICT_OBJC_MSGSEND = YES;
				GCC_C_LANGUAGE_STANDARD = gnu99;
				GCC_WARN_64_TO_32_BIT_CONVERSION = YES;
				GCC_WARN_ABOUT_RETURN_TYPE = YES_ERROR;
				GCC_WARN_UNDECLARED_SELECTOR = YES;
				GCC_WARN_UNINITIALIZED_AUTOS = YES_AGGRESSIVE;
				GCC_WARN_UNUSED_FUNCTION = YES;
				GCC_WARN_UNUSED_VARIABLE = YES;
				MACOSX_DEPLOYMENT_TARGET = 10.10;
				MTL_ENABLE_DEBUG_INFO = NO;
				SDKROOT = macosx;
			};
			name = Release;
		};
		4FBEB1A71A1FEF100001436D /* Debug */ = {
			isa = XCBuildConfiguration;
			buildSettings = {
				ASSETCATALOG_COMPILER_APPICON_NAME = AppIcon;
				CODE_SIGN_IDENTITY = "";
				COMBINE_HIDPI_IMAGES = YES;
				INFOPLIST_FILE = "Handmade Hero/Info.plist";
				LD_RUNPATH_SEARCH_PATHS = "$(inherited) @executable_path/../Frameworks";
				OTHER_CFLAGS = (
					"-DHANDMADE_OSX=1",
					"-DHANDMADE_SLOW=1",
					"-DHANDMADE_INTERNAL=1",
					"-Wno-null-dereference",
				);
				PRODUCT_NAME = "Handmade Hero";
			};
			name = Debug;
		};
		4FBEB1A81A1FEF100001436D /* Release */ = {
			isa = XCBuildConfiguration;
			buildSettings = {
				ASSETCATALOG_COMPILER_APPICON_NAME = AppIcon;
				CODE_SIGN_IDENTITY = "";
				COMBINE_HIDPI_IMAGES = YES;
				INFOPLIST_FILE = "Handmade Hero/Info.plist";
				LD_RUNPATH_SEARCH_PATHS = "$(inherited) @executable_path/../Frameworks";
				OTHER_CFLAGS = (
					"-DHANDMADE_OSX=1",
					"-DHANDMADE_SLOW=1",
					"-DHANDMADE_INTERNAL=1",
					"-Wno-null-dereference",
				);
				PRODUCT_NAME = "Handmade Hero";
			};
			name = Release;
		};
/* End XCBuildConfiguration section */

/* Begin XCConfigurationList section */
		4FBEB1841A1FEF0F0001436D /* Build configuration list for PBXProject "Handmade Hero" */ = {
			isa = XCConfigurationList;
			buildConfigurations = (
				4FBEB1A41A1FEF100001436D /* Debug */,
				4FBEB1A51A1FEF100001436D /* Release */,
			);
			defaultConfigurationIsVisible = 0;
			defaultConfigurationName = Release;
		};
		4FBEB1A61A1FEF100001436D /* Build configuration list for PBXNativeTarget "Handmade Hero" */ = {
			isa = XCConfigurationList;
			buildConfigurations = (
				4FBEB1A71A1FEF100001436D /* Debug */,
				4FBEB1A81A1FEF100001436D /* Release */,
			);
			defaultConfigurationIsVisible = 0;
			defaultConfigurationName = Release;
		};
/* End XCConfigurationList section */
	};
	rootObject = 4FBEB1811A1FEF0F0001436D /* Project object */;
}
