// !$*UTF8*$!
{
	archiveVersion = 1;
	classes = {
	};
	objectVersion = 46;
	objects = {

/* Begin PBXBuildFile section */
		4F021D4B1BCB9129009089C7 /* test_asset_builder.cpp in Sources */ = {isa = PBXBuildFile; fileRef = 4F021D491BCB9129009089C7 /* test_asset_builder.cpp */; settings = {ASSET_TAGS = (); }; };
/* End PBXBuildFile section */

/* Begin PBXCopyFilesBuildPhase section */
		4F021D3D1BCB90A1009089C7 /* CopyFiles */ = {
			isa = PBXCopyFilesBuildPhase;
			buildActionMask = 12;
			dstPath = "";
			dstSubfolderSpec = 0;
			files = (
			);
			runOnlyForDeploymentPostprocessing = 0;
		};
/* End PBXCopyFilesBuildPhase section */

/* Begin PBXFileReference section */
		4F021D3F1BCB90A1009089C7 /* test_asset_builder */ = {isa = PBXFileReference; explicitFileType = "compiled.mach-o.executable"; includeInIndex = 0; path = test_asset_builder; sourceTree = BUILT_PRODUCTS_DIR; };
		4F021D491BCB9129009089C7 /* test_asset_builder.cpp */ = {isa = PBXFileReference; fileEncoding = 4; lastKnownFileType = sourcecode.cpp.cpp; name = test_asset_builder.cpp; path = handmade/test_asset_builder.cpp; sourceTree = SOURCE_ROOT; };
		4F021D4A1BCB9129009089C7 /* test_asset_builder.h */ = {isa = PBXFileReference; fileEncoding = 4; lastKnownFileType = sourcecode.c.h; name = test_asset_builder.h; path = handmade/test_asset_builder.h; sourceTree = SOURCE_ROOT; };
/* End PBXFileReference section */

/* Begin PBXFrameworksBuildPhase section */
		4F021D3C1BCB90A1009089C7 /* Frameworks */ = {
			isa = PBXFrameworksBuildPhase;
			buildActionMask = 2147483647;
			files = (
			);
			runOnlyForDeploymentPostprocessing = 0;
		};
/* End PBXFrameworksBuildPhase section */

/* Begin PBXGroup section */
		4F021D361BCB90A1009089C7 = {
			isa = PBXGroup;
			children = (
				4F021D411BCB90A1009089C7 /* test_asset_builder */,
				4F021D401BCB90A1009089C7 /* Products */,
			);
			sourceTree = "<group>";
		};
		4F021D401BCB90A1009089C7 /* Products */ = {
			isa = PBXGroup;
			children = (
				4F021D3F1BCB90A1009089C7 /* test_asset_builder */,
			);
			name = Products;
			sourceTree = "<group>";
		};
		4F021D411BCB90A1009089C7 /* test_asset_builder */ = {
			isa = PBXGroup;
			children = (
				4F021D491BCB9129009089C7 /* test_asset_builder.cpp */,
				4F021D4A1BCB9129009089C7 /* test_asset_builder.h */,
			);
			path = test_asset_builder;
			sourceTree = "<group>";
		};
/* End PBXGroup section */

/* Begin PBXNativeTarget section */
		4F021D3E1BCB90A1009089C7 /* test_asset_builder */ = {
			isa = PBXNativeTarget;
			buildConfigurationList = 4F021D461BCB90A1009089C7 /* Build configuration list for PBXNativeTarget "test_asset_builder" */;
			buildPhases = (
				4F021D3B1BCB90A1009089C7 /* Sources */,
				4F021D3C1BCB90A1009089C7 /* Frameworks */,
				4F021D3D1BCB90A1009089C7 /* CopyFiles */,
			);
			buildRules = (
			);
			dependencies = (
			);
			name = test_asset_builder;
			productName = test_asset_builder;
			productReference = 4F021D3F1BCB90A1009089C7 /* test_asset_builder */;
			productType = "com.apple.product-type.tool";
		};
/* End PBXNativeTarget section */

/* Begin PBXProject section */
		4F021D371BCB90A1009089C7 /* Project object */ = {
			isa = PBXProject;
			attributes = {
				LastUpgradeCheck = 0700;
				ORGANIZATIONNAME = "Jeff Buck";
				TargetAttributes = {
					4F021D3E1BCB90A1009089C7 = {
						CreatedOnToolsVersion = 7.0.1;
					};
				};
			};
			buildConfigurationList = 4F021D3A1BCB90A1009089C7 /* Build configuration list for PBXProject "test_asset_builder" */;
			compatibilityVersion = "Xcode 3.2";
			developmentRegion = English;
			hasScannedForEncodings = 0;
			knownRegions = (
				en,
			);
			mainGroup = 4F021D361BCB90A1009089C7;
			productRefGroup = 4F021D401BCB90A1009089C7 /* Products */;
			projectDirPath = "";
			projectRoot = "";
			targets = (
				4F021D3E1BCB90A1009089C7 /* test_asset_builder */,
			);
		};
/* End PBXProject section */

/* Begin PBXSourcesBuildPhase section */
		4F021D3B1BCB90A1009089C7 /* Sources */ = {
			isa = PBXSourcesBuildPhase;
			buildActionMask = 2147483647;
			files = (
				4F021D4B1BCB9129009089C7 /* test_asset_builder.cpp in Sources */,
			);
			runOnlyForDeploymentPostprocessing = 0;
		};
/* End PBXSourcesBuildPhase section */

/* Begin XCBuildConfiguration section */
		4F021D441BCB90A1009089C7 /* Debug */ = {
			isa = XCBuildConfiguration;
			buildSettings = {
				ALWAYS_SEARCH_USER_PATHS = NO;
				CLANG_CXX_LANGUAGE_STANDARD = "gnu++0x";
				CLANG_CXX_LIBRARY = "libc++";
				CLANG_ENABLE_MODULES = YES;
				CLANG_ENABLE_OBJC_ARC = YES;
				CLANG_WARN_BOOL_CONVERSION = YES;
				CLANG_WARN_CONSTANT_CONVERSION = YES;
				CLANG_WARN_DIRECT_OBJC_ISA_USAGE = YES_ERROR;
				CLANG_WARN_EMPTY_BODY = YES;
				CLANG_WARN_ENUM_CONVERSION = YES;
				CLANG_WARN_INT_CONVERSION = YES;
				CLANG_WARN_OBJC_ROOT_CLASS = YES_ERROR;
				CLANG_WARN_UNREACHABLE_CODE = YES;
				CLANG_WARN__DUPLICATE_METHOD_MATCH = YES;
				COPY_PHASE_STRIP = NO;
				DEBUG_INFORMATION_FORMAT = dwarf;
				ENABLE_STRICT_OBJC_MSGSEND = YES;
				ENABLE_TESTABILITY = YES;
				GCC_C_LANGUAGE_STANDARD = gnu99;
				GCC_DYNAMIC_NO_PIC = NO;
				GCC_NO_COMMON_BLOCKS = YES;
				GCC_OPTIMIZATION_LEVEL = 0;
				GCC_PREPROCESSOR_DEFINITIONS = (
					"DEBUG=1",
					"$(inherited)",
				);
				GCC_WARN_64_TO_32_BIT_CONVERSION = YES;
				GCC_WARN_ABOUT_RETURN_TYPE = YES_ERROR;
				GCC_WARN_UNDECLARED_SELECTOR = YES;
				GCC_WARN_UNINITIALIZED_AUTOS = YES_AGGRESSIVE;
				GCC_WARN_UNUSED_FUNCTION = YES;
				GCC_WARN_UNUSED_VARIABLE = YES;
				MACOSX_DEPLOYMENT_TARGET = 10.11;
				MTL_ENABLE_DEBUG_INFO = YES;
				ONLY_ACTIVE_ARCH = YES;
				SDKROOT = macosx;
			};
			name = Debug;
		};
		4F021D451BCB90A1009089C7 /* Release */ = {
			isa = XCBuildConfiguration;
			buildSettings = {
				ALWAYS_SEARCH_USER_PATHS = NO;
				CLANG_CXX_LANGUAGE_STANDARD = "gnu++0x";
				CLANG_CXX_LIBRARY = "libc++";
				CLANG_ENABLE_MODULES = YES;
				CLANG_ENABLE_OBJC_ARC = YES;
				CLANG_WARN_BOOL_CONVERSION = YES;
				CLANG_WARN_CONSTANT_CONVERSION = YES;
				CLANG_WARN_DIRECT_OBJC_ISA_USAGE = YES_ERROR;
				CLANG_WARN_EMPTY_BODY = YES;
				CLANG_WARN_ENUM_CONVERSION = YES;
				CLANG_WARN_INT_CONVERSION = YES;
				CLANG_WARN_OBJC_ROOT_CLASS = YES_ERROR;
				CLANG_WARN_UNREACHABLE_CODE = YES;
				CLANG_WARN__DUPLICATE_METHOD_MATCH = YES;
				COPY_PHASE_STRIP = NO;
				DEBUG_INFORMATION_FORMAT = "dwarf-with-dsym";
				ENABLE_NS_ASSERTIONS = NO;
				ENABLE_STRICT_OBJC_MSGSEND = YES;
				GCC_C_LANGUAGE_STANDARD = gnu99;
				GCC_NO_COMMON_BLOCKS = YES;
				GCC_WARN_64_TO_32_BIT_CONVERSION = YES;
				GCC_WARN_ABOUT_RETURN_TYPE = YES_ERROR;
				GCC_WARN_UNDECLARED_SELECTOR = YES;
				GCC_WARN_UNINITIALIZED_AUTOS = YES_AGGRESSIVE;
				GCC_WARN_UNUSED_FUNCTION = YES;
				GCC_WARN_UNUSED_VARIABLE = YES;
				MACOSX_DEPLOYMENT_TARGET = 10.11;
				MTL_ENABLE_DEBUG_INFO = NO;
				SDKROOT = macosx;
			};
			name = Release;
		};
		4F021D471BCB90A1009089C7 /* Debug */ = {
			isa = XCBuildConfiguration;
			buildSettings = {
				OTHER_CFLAGS = (
					"-DHANDMADE_OSX=1",
					"-DHANDMADE_SLOW=1",
					"-DHANDMADE_INTERNAL=1",
					"-Wno-null-dereference",
					"-Wno-c++11-compat-deprecated-writable-strings",
					"-Wno-missing-braces",
					"-Wno-writable-strings",
				);
				PRODUCT_NAME = "$(TARGET_NAME)";
			};
			name = Debug;
		};
		4F021D481BCB90A1009089C7 /* Release */ = {
			isa = XCBuildConfiguration;
			buildSettings = {
				OTHER_CFLAGS = (
					"-DHANDMADE_OSX=1",
					"-DHANDMADE_SLOW=1",
					"-DHANDMADE_INTERNAL=1",
					"-Wno-null-dereference",
					"-Wno-c++11-compat-deprecated-writable-strings",
					"-Wno-missing-braces",
					"-Wno-writable-strings",
				);
				PRODUCT_NAME = "$(TARGET_NAME)";
			};
			name = Release;
		};
/* End XCBuildConfiguration section */

/* Begin XCConfigurationList section */
		4F021D3A1BCB90A1009089C7 /* Build configuration list for PBXProject "test_asset_builder" */ = {
			isa = XCConfigurationList;
			buildConfigurations = (
				4F021D441BCB90A1009089C7 /* Debug */,
				4F021D451BCB90A1009089C7 /* Release */,
			);
			defaultConfigurationIsVisible = 0;
			defaultConfigurationName = Release;
		};
		4F021D461BCB90A1009089C7 /* Build configuration list for PBXNativeTarget "test_asset_builder" */ = {
			isa = XCConfigurationList;
			buildConfigurations = (
				4F021D471BCB90A1009089C7 /* Debug */,
				4F021D481BCB90A1009089C7 /* Release */,
			);
			defaultConfigurationIsVisible = 0;
			defaultConfigurationName = Release;
		};
/* End XCConfigurationList section */
	};
	rootObject = 4F021D371BCB90A1009089C7 /* Project object */;
}
