// !$*UTF8*$!
{
	archiveVersion = 1;
	classes = {
	};
	objectVersion = 46;
	objects = {

/* Begin PBXBuildFile section */
		4F1EDBF71A54573800329140 /* handmade_platform.h in Headers */ = {isa = PBXBuildFile; fileRef = 4F1EDBF61A54573800329140 /* handmade_platform.h */; };
		4F2A43BF1A85E936001C8550 /* handmade_world.h in Headers */ = {isa = PBXBuildFile; fileRef = 4F2A43BD1A85E936001C8550 /* handmade_world.h */; };
		4F3306C81A545B2C0072E589 /* handmade_intrinsics.h in Headers */ = {isa = PBXBuildFile; fileRef = 4F3306C71A545B2C0072E589 /* handmade_intrinsics.h */; };
		4F387A311A49588D0097212D /* handmade.cpp in Sources */ = {isa = PBXBuildFile; fileRef = 4F387A2F1A49588D0097212D /* handmade.cpp */; };
		4F387A321A49588D0097212D /* handmade.h in Headers */ = {isa = PBXBuildFile; fileRef = 4F387A301A49588D0097212D /* handmade.h */; };
		4F8EB0841A59FEDB0039143E /* handmade_random.h in Headers */ = {isa = PBXBuildFile; fileRef = 4F8EB0811A59FEDB0039143E /* handmade_random.h */; };
		4FD1F0C21A77783D009C4849 /* handmade_math.h in Headers */ = {isa = PBXBuildFile; fileRef = 4FD1F0C11A77783D009C4849 /* handmade_math.h */; };
/* End PBXBuildFile section */

/* Begin PBXFileReference section */
		4F1EDBF61A54573800329140 /* handmade_platform.h */ = {isa = PBXFileReference; fileEncoding = 4; lastKnownFileType = sourcecode.c.h; path = handmade_platform.h; sourceTree = "<group>"; };
		4F2A43BC1A85E936001C8550 /* handmade_world.cpp */ = {isa = PBXFileReference; fileEncoding = 4; lastKnownFileType = sourcecode.cpp.cpp; path = handmade_world.cpp; sourceTree = "<group>"; };
		4F2A43BD1A85E936001C8550 /* handmade_world.h */ = {isa = PBXFileReference; fileEncoding = 4; lastKnownFileType = sourcecode.c.h; path = handmade_world.h; sourceTree = "<group>"; };
		4F3306C71A545B2C0072E589 /* handmade_intrinsics.h */ = {isa = PBXFileReference; fileEncoding = 4; lastKnownFileType = sourcecode.c.h; path = handmade_intrinsics.h; sourceTree = "<group>"; };
		4F387A1E1A4958140097212D /* libhandmade.dylib */ = {isa = PBXFileReference; explicitFileType = "compiled.mach-o.dylib"; includeInIndex = 0; path = libhandmade.dylib; sourceTree = BUILT_PRODUCTS_DIR; };
		4F387A2F1A49588D0097212D /* handmade.cpp */ = {isa = PBXFileReference; fileEncoding = 4; lastKnownFileType = sourcecode.cpp.cpp; path = handmade.cpp; sourceTree = "<group>"; };
		4F387A301A49588D0097212D /* handmade.h */ = {isa = PBXFileReference; fileEncoding = 4; lastKnownFileType = sourcecode.c.h; path = handmade.h; sourceTree = "<group>"; };
		4F8EB0811A59FEDB0039143E /* handmade_random.h */ = {isa = PBXFileReference; fileEncoding = 4; lastKnownFileType = sourcecode.c.h; path = handmade_random.h; sourceTree = "<group>"; };
		4FD1F0C11A77783D009C4849 /* handmade_math.h */ = {isa = PBXFileReference; fileEncoding = 4; lastKnownFileType = sourcecode.c.h; path = handmade_math.h; sourceTree = "<group>"; };
/* End PBXFileReference section */

/* Begin PBXFrameworksBuildPhase section */
		4F387A1B1A4958140097212D /* Frameworks */ = {
			isa = PBXFrameworksBuildPhase;
			buildActionMask = 2147483647;
			files = (
			);
			runOnlyForDeploymentPostprocessing = 0;
		};
/* End PBXFrameworksBuildPhase section */

/* Begin PBXGroup section */
		4F387A151A4958140097212D = {
			isa = PBXGroup;
			children = (
				4F2A43BC1A85E936001C8550 /* handmade_world.cpp */,
				4F2A43BD1A85E936001C8550 /* handmade_world.h */,
				4FD1F0C11A77783D009C4849 /* handmade_math.h */,
				4F8EB0811A59FEDB0039143E /* handmade_random.h */,
				4F3306C71A545B2C0072E589 /* handmade_intrinsics.h */,
				4F1EDBF61A54573800329140 /* handmade_platform.h */,
				4F387A2F1A49588D0097212D /* handmade.cpp */,
				4F387A301A49588D0097212D /* handmade.h */,
				4F387A1F1A4958140097212D /* Products */,
			);
			sourceTree = "<group>";
		};
		4F387A1F1A4958140097212D /* Products */ = {
			isa = PBXGroup;
			children = (
				4F387A1E1A4958140097212D /* libhandmade.dylib */,
			);
			name = Products;
			sourceTree = "<group>";
		};
/* End PBXGroup section */

/* Begin PBXHeadersBuildPhase section */
		4F387A1C1A4958140097212D /* Headers */ = {
			isa = PBXHeadersBuildPhase;
			buildActionMask = 2147483647;
			files = (
				4FD1F0C21A77783D009C4849 /* handmade_math.h in Headers */,
				4F3306C81A545B2C0072E589 /* handmade_intrinsics.h in Headers */,
				4F8EB0841A59FEDB0039143E /* handmade_random.h in Headers */,
				4F2A43BF1A85E936001C8550 /* handmade_world.h in Headers */,
				4F387A321A49588D0097212D /* handmade.h in Headers */,
				4F1EDBF71A54573800329140 /* handmade_platform.h in Headers */,
			);
			runOnlyForDeploymentPostprocessing = 0;
		};
/* End PBXHeadersBuildPhase section */

/* Begin PBXNativeTarget section */
		4F387A1D1A4958140097212D /* handmade */ = {
			isa = PBXNativeTarget;
			buildConfigurationList = 4F387A221A4958140097212D /* Build configuration list for PBXNativeTarget "handmade" */;
			buildPhases = (
				4F387A1A1A4958140097212D /* Sources */,
				4F387A1B1A4958140097212D /* Frameworks */,
				4F387A1C1A4958140097212D /* Headers */,
			);
			buildRules = (
			);
			dependencies = (
			);
			name = handmade;
			productName = handmade;
			productReference = 4F387A1E1A4958140097212D /* libhandmade.dylib */;
			productType = "com.apple.product-type.library.dynamic";
		};
/* End PBXNativeTarget section */

/* Begin PBXProject section */
		4F387A161A4958140097212D /* Project object */ = {
			isa = PBXProject;
			attributes = {
				LastUpgradeCheck = 0610;
				ORGANIZATIONNAME = "Jeff Buck";
				TargetAttributes = {
					4F387A1D1A4958140097212D = {
						CreatedOnToolsVersion = 6.1;
					};
				};
			};
			buildConfigurationList = 4F387A191A4958140097212D /* Build configuration list for PBXProject "handmade" */;
			compatibilityVersion = "Xcode 3.2";
			developmentRegion = English;
			hasScannedForEncodings = 0;
			knownRegions = (
				en,
			);
			mainGroup = 4F387A151A4958140097212D;
			productRefGroup = 4F387A1F1A4958140097212D /* Products */;
			projectDirPath = "";
			projectRoot = "";
			targets = (
				4F387A1D1A4958140097212D /* handmade */,
			);
		};
/* End PBXProject section */

/* Begin PBXSourcesBuildPhase section */
		4F387A1A1A4958140097212D /* Sources */ = {
			isa = PBXSourcesBuildPhase;
			buildActionMask = 2147483647;
			files = (
				4F387A311A49588D0097212D /* handmade.cpp in Sources */,
			);
			runOnlyForDeploymentPostprocessing = 0;
		};
/* End PBXSourcesBuildPhase section */

/* Begin XCBuildConfiguration section */
		4F387A201A4958140097212D /* Debug */ = {
			isa = XCBuildConfiguration;
			buildSettings = {
				ALWAYS_SEARCH_USER_PATHS = NO;
				CLANG_CXX_LANGUAGE_STANDARD = "gnu++0x";
				CLANG_CXX_LIBRARY = "libc++";
				CLANG_ENABLE_MODULES = YES;
				CLANG_ENABLE_OBJC_ARC = YES;
				CLANG_WARN_BOOL_CONVERSION = YES;
				CLANG_WARN_CONSTANT_CONVERSION = YES;
				CLANG_WARN_DIRECT_OBJC_ISA_USAGE = YES_ERROR;
				CLANG_WARN_EMPTY_BODY = YES;
				CLANG_WARN_ENUM_CONVERSION = YES;
				CLANG_WARN_INT_CONVERSION = YES;
				CLANG_WARN_OBJC_ROOT_CLASS = YES_ERROR;
				CLANG_WARN_UNREACHABLE_CODE = YES;
				CLANG_WARN__DUPLICATE_METHOD_MATCH = YES;
				COPY_PHASE_STRIP = NO;
				ENABLE_STRICT_OBJC_MSGSEND = YES;
				GCC_C_LANGUAGE_STANDARD = gnu99;
				GCC_DYNAMIC_NO_PIC = NO;
				GCC_OPTIMIZATION_LEVEL = 0;
				GCC_PREPROCESSOR_DEFINITIONS = (
					"DEBUG=1",
					"$(inherited)",
				);
				GCC_SYMBOLS_PRIVATE_EXTERN = NO;
				GCC_WARN_64_TO_32_BIT_CONVERSION = YES;
				GCC_WARN_ABOUT_RETURN_TYPE = YES_ERROR;
				GCC_WARN_UNDECLARED_SELECTOR = YES;
				GCC_WARN_UNINITIALIZED_AUTOS = YES_AGGRESSIVE;
				GCC_WARN_UNUSED_FUNCTION = YES;
				GCC_WARN_UNUSED_VARIABLE = YES;
				MACOSX_DEPLOYMENT_TARGET = 10.10;
				MTL_ENABLE_DEBUG_INFO = YES;
				ONLY_ACTIVE_ARCH = YES;
				SDKROOT = macosx;
			};
			name = Debug;
		};
		4F387A211A4958140097212D /* Release */ = {
			isa = XCBuildConfiguration;
			buildSettings = {
				ALWAYS_SEARCH_USER_PATHS = NO;
				CLANG_CXX_LANGUAGE_STANDARD = "gnu++0x";
				CLANG_CXX_LIBRARY = "libc++";
				CLANG_ENABLE_MODULES = YES;
				CLANG_ENABLE_OBJC_ARC = YES;
				CLANG_WARN_BOOL_CONVERSION = YES;
				CLANG_WARN_CONSTANT_CONVERSION = YES;
				CLANG_WARN_DIRECT_OBJC_ISA_USAGE = YES_ERROR;
				CLANG_WARN_EMPTY_BODY = YES;
				CLANG_WARN_ENUM_CONVERSION = YES;
				CLANG_WARN_INT_CONVERSION = YES;
				CLANG_WARN_OBJC_ROOT_CLASS = YES_ERROR;
				CLANG_WARN_UNREACHABLE_CODE = YES;
				CLANG_WARN__DUPLICATE_METHOD_MATCH = YES;
				COPY_PHASE_STRIP = YES;
				DEBUG_INFORMATION_FORMAT = "dwarf-with-dsym";
				ENABLE_NS_ASSERTIONS = NO;
				ENABLE_STRICT_OBJC_MSGSEND = YES;
				GCC_C_LANGUAGE_STANDARD = gnu99;
				GCC_WARN_64_TO_32_BIT_CONVERSION = YES;
				GCC_WARN_ABOUT_RETURN_TYPE = YES_ERROR;
				GCC_WARN_UNDECLARED_SELECTOR = YES;
				GCC_WARN_UNINITIALIZED_AUTOS = YES_AGGRESSIVE;
				GCC_WARN_UNUSED_FUNCTION = YES;
				GCC_WARN_UNUSED_VARIABLE = YES;
				MACOSX_DEPLOYMENT_TARGET = 10.10;
				MTL_ENABLE_DEBUG_INFO = NO;
				SDKROOT = macosx;
			};
			name = Release;
		};
		4F387A231A4958140097212D /* Debug */ = {
			isa = XCBuildConfiguration;
			buildSettings = {
				DYLIB_COMPATIBILITY_VERSION = 1;
				DYLIB_CURRENT_VERSION = 1;
				EXECUTABLE_PREFIX = lib;
				OTHER_CFLAGS = (
					"-DHANDMADE_OSX=1",
					"-DHANDMADE_SLOW=1",
					"-DHANDMADE_INTERNAL=1",
					"-Wno-null-dereference",
					"-Wno-unused-function",
					"-Wno-missing-braces",
					"-Wno-unused-variable",
					"-Wno-tautological-compare",
					"-Wno-c++11-compat-deprecated-writable-strings",
				);
				PRODUCT_NAME = "$(TARGET_NAME)";
			};
			name = Debug;
		};
		4F387A241A4958140097212D /* Release */ = {
			isa = XCBuildConfiguration;
			buildSettings = {
				DYLIB_COMPATIBILITY_VERSION = 1;
				DYLIB_CURRENT_VERSION = 1;
				EXECUTABLE_PREFIX = lib;
				OTHER_CFLAGS = (
					"-DHANDMADE_OSX=1",
					"-DHANDMADE_SLOW=1",
					"-DHANDMADE_INTERNAL=1",
					"-Wno-null-dereference",
					"-Wno-unused-function",
					"-Wno-missing-braces",
					"-Wno-unused-variable",
					"-Wno-tautological-compare",
					"-Wno-c++11-compat-deprecated-writable-strings",
				);
				PRODUCT_NAME = "$(TARGET_NAME)";
			};
			name = Release;
		};
/* End XCBuildConfiguration section */

/* Begin XCConfigurationList section */
		4F387A191A4958140097212D /* Build configuration list for PBXProject "handmade" */ = {
			isa = XCConfigurationList;
			buildConfigurations = (
				4F387A201A4958140097212D /* Debug */,
				4F387A211A4958140097212D /* Release */,
			);
			defaultConfigurationIsVisible = 0;
			defaultConfigurationName = Release;
		};
		4F387A221A4958140097212D /* Build configuration list for PBXNativeTarget "handmade" */ = {
			isa = XCConfigurationList;
			buildConfigurations = (
				4F387A231A4958140097212D /* Debug */,
				4F387A241A4958140097212D /* Release */,
			);
			defaultConfigurationIsVisible = 0;
			defaultConfigurationName = Release;
		};
/* End XCConfigurationList section */
	};
	rootObject = 4F387A161A4958140097212D /* Project object */;
}
